
Microsoft Visual Studio Solution File, Format Version 12.00
# Visual Studio Version 16
VisualStudioVersion = 16.0.30711.63
MinimumVisualStudioVersion = 10.0.40219.1
Project("{FAE04EC0-301F-11D3-BF4B-00C04F79EFBC}") = "ConsoleApp1", "ConsoleApp1\ConsoleApp1.csproj", "{AA80F40B-C207-47B9-84F8-D1A66EE173E9}"
EndProject
Global
	GlobalSection(SolutionConfigurationPlatforms) = preSolution
		Debug|Any CPU = Debug|Any CPU
		Release|Any CPU = Release|Any CPU
	EndGlobalSection
	GlobalSection(ProjectConfigurationPlatforms) = postSolution
		{AA80F40B-C207-47B9-84F8-D1A66EE173E9}.Debug|Any CPU.ActiveCfg = Debug|Any CPU
		{AA80F40B-C207-47B9-84F8-D1A66EE173E9}.Debug|Any CPU.Build.0 = Debug|Any CPU
		{AA80F40B-C207-47B9-84F8-D1A66EE173E9}.Release|Any CPU.ActiveCfg = Release|Any CPU
		{AA80F40B-C207-47B9-84F8-D1A66EE173E9}.Release|Any CPU.Build.0 = Release|Any CPU
	EndGlobalSection
	GlobalSection(SolutionProperties) = preSolution
		HideSolutionNode = FALSE
	EndGlobalSection
	GlobalSection(ExtensibilityGlobals) = postSolution
		SolutionGuid = {21FF9C77-6DEC-4437-AAF6-4E75950F1E17}
	EndGlobalSection
EndGlobal
